
Microsoft Visual Studio Solution File, Format Version 12.00
# Visual Studio Version 17
VisualStudioVersion = 17.7.34031.279
MinimumVisualStudioVersion = 10.0.40219.1
Project("{FAE04EC0-301F-11D3-BF4B-00C04F79EFBC}") = "ConsoleApp4", "ConsoleApp4.csproj", "{F174A332-35ED-4CFD-B091-0FC2DB051460}"
EndProject
Global
	GlobalSection(SolutionConfigurationPlatforms) = preSolution
		Debug|Any CPU = Debug|Any CPU
		Release|Any CPU = Release|Any CPU
	EndGlobalSection
	GlobalSection(ProjectConfigurationPlatforms) = postSolution
		{F174A332-35ED-4CFD-B091-0FC2DB051460}.Debug|Any CPU.ActiveCfg = Debug|Any CPU
		{F174A332-35ED-4CFD-B091-0FC2DB051460}.Debug|Any CPU.Build.0 = Debug|Any CPU
		{F174A332-35ED-4CFD-B091-0FC2DB051460}.Release|Any CPU.ActiveCfg = Release|Any CPU
		{F174A332-35ED-4CFD-B091-0FC2DB051460}.Release|Any CPU.Build.0 = Release|Any CPU
	EndGlobalSection
	GlobalSection(SolutionProperties) = preSolution
		HideSolutionNode = FALSE
	EndGlobalSection
	GlobalSection(ExtensibilityGlobals) = postSolution
		SolutionGuid = {5E595879-368C-4C11-83AC-7962620E08A8}
	EndGlobalSection
EndGlobal
